
Microsoft Visual Studio Solution File, Format Version 12.00
# Visual Studio Version 17
VisualStudioVersion = 17.11.35312.102
MinimumVisualStudioVersion = 10.0.40219.1
Project("{FAE04EC0-301F-11D3-BF4B-00C04F79EFBC}") = "Sombras_LGLA.Android", "Sombras_LGLA\Sombras_LGLA.Android\Sombras_LGLA.Android.csproj", "{A41B62E5-6E75-4FCE-A4FA-FF0874050C43}"
EndProject
Project("{FAE04EC0-301F-11D3-BF4B-00C04F79EFBC}") = "Sombras_LGLA.iOS", "Sombras_LGLA\Sombras_LGLA.iOS\Sombras_LGLA.iOS.csproj", "{07C77B30-5560-4375-A285-10824BC50361}"
EndProject
Project("{FAE04EC0-301F-11D3-BF4B-00C04F79EFBC}") = "Sombras_LGLA", "Sombras_LGLA\Sombras_LGLA\Sombras_LGLA.csproj", "{C9394ED6-1A3E-4204-80BA-0BFBA970BE7E}"
EndProject
Global
	GlobalSection(SolutionConfigurationPlatforms) = preSolution
		Debug|Any CPU = Debug|Any CPU
		Debug|iPhone = Debug|iPhone
		Debug|iPhoneSimulator = Debug|iPhoneSimulator
		Release|Any CPU = Release|Any CPU
		Release|iPhone = Release|iPhone
		Release|iPhoneSimulator = Release|iPhoneSimulator
	EndGlobalSection
	GlobalSection(ProjectConfigurationPlatforms) = postSolution
		{A41B62E5-6E75-4FCE-A4FA-FF0874050C43}.Debug|Any CPU.ActiveCfg = Debug|Any CPU
		{A41B62E5-6E75-4FCE-A4FA-FF0874050C43}.Debug|Any CPU.Build.0 = Debug|Any CPU
		{A41B62E5-6E75-4FCE-A4FA-FF0874050C43}.Debug|Any CPU.Deploy.0 = Debug|Any CPU
		{A41B62E5-6E75-4FCE-A4FA-FF0874050C43}.Debug|iPhone.ActiveCfg = Debug|Any CPU
		{A41B62E5-6E75-4FCE-A4FA-FF0874050C43}.Debug|iPhone.Build.0 = Debug|Any CPU
		{A41B62E5-6E75-4FCE-A4FA-FF0874050C43}.Debug|iPhone.Deploy.0 = Debug|Any CPU
		{A41B62E5-6E75-4FCE-A4FA-FF0874050C43}.Debug|iPhoneSimulator.ActiveCfg = Debug|Any CPU
		{A41B62E5-6E75-4FCE-A4FA-FF0874050C43}.Debug|iPhoneSimulator.Build.0 = Debug|Any CPU
		{A41B62E5-6E75-4FCE-A4FA-FF0874050C43}.Debug|iPhoneSimulator.Deploy.0 = Debug|Any CPU
		{A41B62E5-6E75-4FCE-A4FA-FF0874050C43}.Release|Any CPU.ActiveCfg = Release|Any CPU
		{A41B62E5-6E75-4FCE-A4FA-FF0874050C43}.Release|Any CPU.Build.0 = Release|Any CPU
		{A41B62E5-6E75-4FCE-A4FA-FF0874050C43}.Release|Any CPU.Deploy.0 = Release|Any CPU
		{A41B62E5-6E75-4FCE-A4FA-FF0874050C43}.Release|iPhone.ActiveCfg = Release|Any CPU
		{A41B62E5-6E75-4FCE-A4FA-FF0874050C43}.Release|iPhone.Build.0 = Release|Any CPU
		{A41B62E5-6E75-4FCE-A4FA-FF0874050C43}.Release|iPhone.Deploy.0 = Release|Any CPU
		{A41B62E5-6E75-4FCE-A4FA-FF0874050C43}.Release|iPhoneSimulator.ActiveCfg = Release|Any CPU
		{A41B62E5-6E75-4FCE-A4FA-FF0874050C43}.Release|iPhoneSimulator.Build.0 = Release|Any CPU
		{A41B62E5-6E75-4FCE-A4FA-FF0874050C43}.Release|iPhoneSimulator.Deploy.0 = Release|Any CPU
		{07C77B30-5560-4375-A285-10824BC50361}.Debug|Any CPU.ActiveCfg = Debug|iPhone
		{07C77B30-5560-4375-A285-10824BC50361}.Debug|Any CPU.Build.0 = Debug|iPhone
		{07C77B30-5560-4375-A285-10824BC50361}.Debug|Any CPU.Deploy.0 = Debug|iPhone
		{07C77B30-5560-4375-A285-10824BC50361}.Debug|iPhone.ActiveCfg = Debug|iPhone
		{07C77B30-5560-4375-A285-10824BC50361}.Debug|iPhone.Build.0 = Debug|iPhone
		{07C77B30-5560-4375-A285-10824BC50361}.Debug|iPhone.Deploy.0 = Debug|iPhone
		{07C77B30-5560-4375-A285-10824BC50361}.Debug|iPhoneSimulator.ActiveCfg = Debug|iPhoneSimulator
		{07C77B30-5560-4375-A285-10824BC50361}.Debug|iPhoneSimulator.Build.0 = Debug|iPhoneSimulator
		{07C77B30-5560-4375-A285-10824BC50361}.Debug|iPhoneSimulator.Deploy.0 = Debug|iPhoneSimulator
		{07C77B30-5560-4375-A285-10824BC50361}.Release|Any CPU.ActiveCfg = Release|iPhoneSimulator
		{07C77B30-5560-4375-A285-10824BC50361}.Release|Any CPU.Build.0 = Release|iPhoneSimulator
		{07C77B30-5560-4375-A285-10824BC50361}.Release|Any CPU.Deploy.0 = Release|iPhoneSimulator
		{07C77B30-5560-4375-A285-10824BC50361}.Release|iPhone.ActiveCfg = Release|iPhone
		{07C77B30-5560-4375-A285-10824BC50361}.Release|iPhone.Build.0 = Release|iPhone
		{07C77B30-5560-4375-A285-10824BC50361}.Release|iPhone.Deploy.0 = Release|iPhone
		{07C77B30-5560-4375-A285-10824BC50361}.Release|iPhoneSimulator.ActiveCfg = Release|iPhoneSimulator
		{07C77B30-5560-4375-A285-10824BC50361}.Release|iPhoneSimulator.Build.0 = Release|iPhoneSimulator
		{07C77B30-5560-4375-A285-10824BC50361}.Release|iPhoneSimulator.Deploy.0 = Release|iPhoneSimulator
		{C9394ED6-1A3E-4204-80BA-0BFBA970BE7E}.Debug|Any CPU.ActiveCfg = Debug|Any CPU
		{C9394ED6-1A3E-4204-80BA-0BFBA970BE7E}.Debug|Any CPU.Build.0 = Debug|Any CPU
		{C9394ED6-1A3E-4204-80BA-0BFBA970BE7E}.Debug|Any CPU.Deploy.0 = Debug|Any CPU
		{C9394ED6-1A3E-4204-80BA-0BFBA970BE7E}.Debug|iPhone.ActiveCfg = Debug|Any CPU
		{C9394ED6-1A3E-4204-80BA-0BFBA970BE7E}.Debug|iPhone.Build.0 = Debug|Any CPU
		{C9394ED6-1A3E-4204-80BA-0BFBA970BE7E}.Debug|iPhone.Deploy.0 = Debug|Any CPU
		{C9394ED6-1A3E-4204-80BA-0BFBA970BE7E}.Debug|iPhoneSimulator.ActiveCfg = Debug|Any CPU
		{C9394ED6-1A3E-4204-80BA-0BFBA970BE7E}.Debug|iPhoneSimulator.Build.0 = Debug|Any CPU
		{C9394ED6-1A3E-4204-80BA-0BFBA970BE7E}.Debug|iPhoneSimulator.Deploy.0 = Debug|Any CPU
		{C9394ED6-1A3E-4204-80BA-0BFBA970BE7E}.Release|Any CPU.ActiveCfg = Release|Any CPU
		{C9394ED6-1A3E-4204-80BA-0BFBA970BE7E}.Release|Any CPU.Build.0 = Release|Any CPU
		{C9394ED6-1A3E-4204-80BA-0BFBA970BE7E}.Release|Any CPU.Deploy.0 = Release|Any CPU
		{C9394ED6-1A3E-4204-80BA-0BFBA970BE7E}.Release|iPhone.ActiveCfg = Release|Any CPU
		{C9394ED6-1A3E-4204-80BA-0BFBA970BE7E}.Release|iPhone.Build.0 = Release|Any CPU
		{C9394ED6-1A3E-4204-80BA-0BFBA970BE7E}.Release|iPhone.Deploy.0 = Release|Any CPU
		{C9394ED6-1A3E-4204-80BA-0BFBA970BE7E}.Release|iPhoneSimulator.ActiveCfg = Release|Any CPU
		{C9394ED6-1A3E-4204-80BA-0BFBA970BE7E}.Release|iPhoneSimulator.Build.0 = Release|Any CPU
		{C9394ED6-1A3E-4204-80BA-0BFBA970BE7E}.Release|iPhoneSimulator.Deploy.0 = Release|Any CPU
	EndGlobalSection
	GlobalSection(SolutionProperties) = preSolution
		HideSolutionNode = FALSE
	EndGlobalSection
	GlobalSection(ExtensibilityGlobals) = postSolution
		SolutionGuid = {CDB1D112-6342-4FCA-96B8-0B696D4C6C0A}
	EndGlobalSection
EndGlobal
